
Microsoft Visual Studio Solution File, Format Version 12.00
# Visual Studio Version 16
VisualStudioVersion = 16.0.31702.278
MinimumVisualStudioVersion = 10.0.40219.1
Project("{FAE04EC0-301F-11D3-BF4B-00C04F79EFBC}") = "SnakeLadder", "SnakeLadder.csproj", "{E8CDC2BE-9725-4F63-8EDA-FB062E99901F}"
EndProject
Global
	GlobalSection(SolutionConfigurationPlatforms) = preSolution
		Debug|Any CPU = Debug|Any CPU
		Release|Any CPU = Release|Any CPU
	EndGlobalSection
	GlobalSection(ProjectConfigurationPlatforms) = postSolution
		{E8CDC2BE-9725-4F63-8EDA-FB062E99901F}.Debug|Any CPU.ActiveCfg = Debug|Any CPU
		{E8CDC2BE-9725-4F63-8EDA-FB062E99901F}.Debug|Any CPU.Build.0 = Debug|Any CPU
		{E8CDC2BE-9725-4F63-8EDA-FB062E99901F}.Release|Any CPU.ActiveCfg = Release|Any CPU
		{E8CDC2BE-9725-4F63-8EDA-FB062E99901F}.Release|Any CPU.Build.0 = Release|Any CPU
	EndGlobalSection
	GlobalSection(SolutionProperties) = preSolution
		HideSolutionNode = FALSE
	EndGlobalSection
	GlobalSection(ExtensibilityGlobals) = postSolution
		SolutionGuid = {2B03496F-AF48-446C-A2BA-BBB48DA96016}
	EndGlobalSection
EndGlobal
